
Microsoft Visual Studio Solution File, Format Version 12.00
# Visual Studio 15
VisualStudioVersion = 15.0.27004.2010
MinimumVisualStudioVersion = 10.0.40219.1
Project("{2150E333-8FDC-42A3-9474-1A3956D46DE8}") = "Database", "Database", "{2350AA3C-5EAF-44CD-9737-8C1372E6E42B}"
	ProjectSection(SolutionItems) = preProject
		Database\NORTHWND.LDF = Database\NORTHWND.LDF
		Database\NORTHWND.MDF = Database\NORTHWND.MDF
	EndProjectSection
EndProject
Project("{FAE04EC0-301F-11D3-BF4B-00C04F79EFBC}") = "QueryCS", "QueryCS\QueryCS.csproj", "{27822005-0A78-45E9-A54D-279F37A96C1E}"
EndProject
Project("{FAE04EC0-301F-11D3-BF4B-00C04F79EFBC}") = "ParametrizedSP", "ParametrizedSP\ParametrizedSP.csproj", "{B5BB45DC-71E4-4C7D-8CC5-8F2A2D9B08B3}"
EndProject
Project("{FAE04EC0-301F-11D3-BF4B-00C04F79EFBC}") = "WorkingWithTextFiles", "WorkingWithTextFiles\WorkingWithTextFiles.csproj", "{94583ACA-AEFE-4969-9631-BAD38FF13EA1}"
EndProject
Project("{FAE04EC0-301F-11D3-BF4B-00C04F79EFBC}") = "WorkingWithXmlReader", "WorkingWithXmlReader\WorkingWithXmlReader.csproj", "{EA54997A-37B9-4FE4-BA00-BE304C3AAE50}"
EndProject
Project("{FAE04EC0-301F-11D3-BF4B-00C04F79EFBC}") = "WorkingWithDataSet", "WorkingWithDataSet\WorkingWithDataSet.csproj", "{1BDBAC75-DA9C-4B76-97DC-7F73E720ABB6}"
EndProject
Global
	GlobalSection(SolutionConfigurationPlatforms) = preSolution
		Debug|Any CPU = Debug|Any CPU
		Release|Any CPU = Release|Any CPU
	EndGlobalSection
	GlobalSection(ProjectConfigurationPlatforms) = postSolution
		{27822005-0A78-45E9-A54D-279F37A96C1E}.Debug|Any CPU.ActiveCfg = Debug|Any CPU
		{27822005-0A78-45E9-A54D-279F37A96C1E}.Debug|Any CPU.Build.0 = Debug|Any CPU
		{27822005-0A78-45E9-A54D-279F37A96C1E}.Release|Any CPU.ActiveCfg = Release|Any CPU
		{27822005-0A78-45E9-A54D-279F37A96C1E}.Release|Any CPU.Build.0 = Release|Any CPU
		{B5BB45DC-71E4-4C7D-8CC5-8F2A2D9B08B3}.Debug|Any CPU.ActiveCfg = Debug|Any CPU
		{B5BB45DC-71E4-4C7D-8CC5-8F2A2D9B08B3}.Debug|Any CPU.Build.0 = Debug|Any CPU
		{B5BB45DC-71E4-4C7D-8CC5-8F2A2D9B08B3}.Release|Any CPU.ActiveCfg = Release|Any CPU
		{B5BB45DC-71E4-4C7D-8CC5-8F2A2D9B08B3}.Release|Any CPU.Build.0 = Release|Any CPU
		{94583ACA-AEFE-4969-9631-BAD38FF13EA1}.Debug|Any CPU.ActiveCfg = Debug|Any CPU
		{94583ACA-AEFE-4969-9631-BAD38FF13EA1}.Debug|Any CPU.Build.0 = Debug|Any CPU
		{94583ACA-AEFE-4969-9631-BAD38FF13EA1}.Release|Any CPU.ActiveCfg = Release|Any CPU
		{94583ACA-AEFE-4969-9631-BAD38FF13EA1}.Release|Any CPU.Build.0 = Release|Any CPU
		{EA54997A-37B9-4FE4-BA00-BE304C3AAE50}.Debug|Any CPU.ActiveCfg = Debug|Any CPU
		{EA54997A-37B9-4FE4-BA00-BE304C3AAE50}.Debug|Any CPU.Build.0 = Debug|Any CPU
		{EA54997A-37B9-4FE4-BA00-BE304C3AAE50}.Release|Any CPU.ActiveCfg = Release|Any CPU
		{EA54997A-37B9-4FE4-BA00-BE304C3AAE50}.Release|Any CPU.Build.0 = Release|Any CPU
		{1BDBAC75-DA9C-4B76-97DC-7F73E720ABB6}.Debug|Any CPU.ActiveCfg = Debug|Any CPU
		{1BDBAC75-DA9C-4B76-97DC-7F73E720ABB6}.Debug|Any CPU.Build.0 = Debug|Any CPU
		{1BDBAC75-DA9C-4B76-97DC-7F73E720ABB6}.Release|Any CPU.ActiveCfg = Release|Any CPU
		{1BDBAC75-DA9C-4B76-97DC-7F73E720ABB6}.Release|Any CPU.Build.0 = Release|Any CPU
	EndGlobalSection
	GlobalSection(SolutionProperties) = preSolution
		HideSolutionNode = FALSE
	EndGlobalSection
	GlobalSection(ExtensibilityGlobals) = postSolution
		SolutionGuid = {CBC49B11-1AD7-4BF0-BE3E-98BF56D8CD02}
	EndGlobalSection
EndGlobal
