
Microsoft Visual Studio Solution File, Format Version 12.00
# Visual Studio 15
VisualStudioVersion = 15.0.27004.2010
MinimumVisualStudioVersion = 10.0.40219.1
Project("{2150E333-8FDC-42A3-9474-1A3956D46DE8}") = "Database", "Database", "{2350AA3C-5EAF-44CD-9737-8C1372E6E42B}"
	ProjectSection(SolutionItems) = preProject
		Database\NORTHWND.LDF = Database\NORTHWND.LDF
		Database\NORTHWND.MDF = Database\NORTHWND.MDF
	EndProjectSection
EndProject
Project("{FAE04EC0-301F-11D3-BF4B-00C04F79EFBC}") = "QueryCS", "QueryCS\QueryCS.csproj", "{27822005-0A78-45E9-A54D-279F37A96C1E}"
EndProject
Global
	GlobalSection(SolutionConfigurationPlatforms) = preSolution
		Debug|Any CPU = Debug|Any CPU
		Release|Any CPU = Release|Any CPU
	EndGlobalSection
	GlobalSection(ProjectConfigurationPlatforms) = postSolution
		{27822005-0A78-45E9-A54D-279F37A96C1E}.Debug|Any CPU.ActiveCfg = Debug|Any CPU
		{27822005-0A78-45E9-A54D-279F37A96C1E}.Debug|Any CPU.Build.0 = Debug|Any CPU
		{27822005-0A78-45E9-A54D-279F37A96C1E}.Release|Any CPU.ActiveCfg = Release|Any CPU
		{27822005-0A78-45E9-A54D-279F37A96C1E}.Release|Any CPU.Build.0 = Release|Any CPU
	EndGlobalSection
	GlobalSection(SolutionProperties) = preSolution
		HideSolutionNode = FALSE
	EndGlobalSection
	GlobalSection(ExtensibilityGlobals) = postSolution
		SolutionGuid = {CBC49B11-1AD7-4BF0-BE3E-98BF56D8CD02}
	EndGlobalSection
EndGlobal
